
Microsoft Visual Studio Solution File, Format Version 12.00
# Visual Studio 15
VisualStudioVersion = 15.0.27428.2027
MinimumVisualStudioVersion = 10.0.40219.1
Project("{FAE04EC0-301F-11D3-BF4B-00C04F79EFBC}") = "StudentDemo3", "StudentDemo3\StudentDemo3.csproj", "{13F30A52-5CF4-40F8-A4B9-5113E65A039D}"
EndProject
Global
	GlobalSection(SolutionConfigurationPlatforms) = preSolution
		Debug|Any CPU = Debug|Any CPU
		Release|Any CPU = Release|Any CPU
	EndGlobalSection
	GlobalSection(ProjectConfigurationPlatforms) = postSolution
		{13F30A52-5CF4-40F8-A4B9-5113E65A039D}.Debug|Any CPU.ActiveCfg = Debug|Any CPU
		{13F30A52-5CF4-40F8-A4B9-5113E65A039D}.Debug|Any CPU.Build.0 = Debug|Any CPU
		{13F30A52-5CF4-40F8-A4B9-5113E65A039D}.Release|Any CPU.ActiveCfg = Release|Any CPU
		{13F30A52-5CF4-40F8-A4B9-5113E65A039D}.Release|Any CPU.Build.0 = Release|Any CPU
	EndGlobalSection
	GlobalSection(SolutionProperties) = preSolution
		HideSolutionNode = FALSE
	EndGlobalSection
	GlobalSection(ExtensibilityGlobals) = postSolution
		SolutionGuid = {4F5BEC28-30B8-4C96-A00A-70AFA3D07110}
	EndGlobalSection
EndGlobal
